{
  "name": "bitd",
  "lockfileVersion": 3,
  "requires": true,
  "packages": {
    "": {
      "devDependencies": {
        "prettier": "3.6.2",
        "prettier-plugin-css-order": "^2.1.2",
        "prettier-plugin-hbs": "^1.0.1"
      }
    },
    "node_modules/@glimmer/env": {
      "version": "0.1.7",
      "resolved": "https://registry.npmjs.org/@glimmer/env/-/env-0.1.7.tgz",
      "integrity": "sha512-JKF/a9I9jw6fGoz8kA7LEQslrwJ5jms5CXhu/aqkBWk+PmZ6pTl8mlb/eJ/5ujBGTiQzBhy5AIWF712iA+4/mw==",
      "dev": true,
      "license": "MIT"
    },
    "node_modules/@glimmer/interfaces": {
      "version": "0.47.9",
      "resolved": "https://registry.npmjs.org/@glimmer/interfaces/-/interfaces-0.47.9.tgz",
      "integrity": "sha512-xne80DHkPC70u08LKV9g0+PboAmIw0A+vDXjJXMrDoRcNzCR4dXR6nvKD/Een+wbwwBaRawCIn45Rnk5+Dyvrg==",
      "dev": true,
      "license": "MIT",
      "dependencies": {
        "@simple-dom/interface": "^1.4.0"
      }
    },
    "node_modules/@glimmer/syntax": {
      "version": "0.47.9",
      "resolved": "https://registry.npmjs.org/@glimmer/syntax/-/syntax-0.47.9.tgz",
      "integrity": "sha512-ld3x2bTkAr/BXOkI1b3cDVBwMl0BTYtBNKODks0Fi/1DLx+F1jl4abpKJ5cww1k2iQ75jgG31IhBwb7YC2PmFA==",
      "dev": true,
      "license": "MIT",
      "dependencies": {
        "@glimmer/interfaces": "^0.47.9",
        "@glimmer/util": "^0.47.9",
        "handlebars": "^4.5.1",
        "simple-html-tokenizer": "^0.5.9"
      }
    },
    "node_modules/@glimmer/util": {
      "version": "0.47.9",
      "resolved": "https://registry.npmjs.org/@glimmer/util/-/util-0.47.9.tgz",
      "integrity": "sha512-MJEumozi3TKmx+kzTpqPdC0jLEIuWSS3JNdBXceqTGRZQGmE5Zxqd8ydH5KOYpsKSfURHGCi2vU6+X/Q4z2b6g==",
      "dev": true,
      "license": "MIT",
      "dependencies": {
        "@glimmer/env": "0.1.7",
        "@simple-dom/interface": "^1.4.0"
      }
    },
    "node_modules/@simple-dom/interface": {
      "version": "1.4.0",
      "resolved": "https://registry.npmjs.org/@simple-dom/interface/-/interface-1.4.0.tgz",
      "integrity": "sha512-l5qumKFWU0S+4ZzMaLXFU8tQZsicHEMEyAxI5kDFGhJsRqDwe0a7/iPA/GdxlGyDKseQQAgIz5kzU7eXTrlSpA==",
      "dev": true,
      "license": "MIT"
    },
    "node_modules/css-declaration-sorter": {
      "version": "7.2.0",
      "resolved": "https://registry.npmjs.org/css-declaration-sorter/-/css-declaration-sorter-7.2.0.tgz",
      "integrity": "sha512-h70rUM+3PNFuaBDTLe8wF/cdWu+dOZmb7pJt8Z2sedYbAcQVQV/tEchueg3GWxwqS0cxtbxmaHEdkNACqcvsow==",
      "dev": true,
      "license": "ISC",
      "engines": {
        "node": "^14 || ^16 || >=18"
      },
      "peerDependencies": {
        "postcss": "^8.0.9"
      }
    },
    "node_modules/handlebars": {
      "version": "4.7.8",
      "resolved": "https://registry.npmjs.org/handlebars/-/handlebars-4.7.8.tgz",
      "integrity": "sha512-vafaFqs8MZkRrSX7sFVUdo3ap/eNiLnb4IakshzvP56X5Nr1iGKAIqdX6tMlm6HcNRIkr6AxO5jFEoJzzpT8aQ==",
      "dev": true,
      "license": "MIT",
      "dependencies": {
        "minimist": "^1.2.5",
        "neo-async": "^2.6.2",
        "source-map": "^0.6.1",
        "wordwrap": "^1.0.0"
      },
      "bin": {
        "handlebars": "bin/handlebars"
      },
      "engines": {
        "node": ">=0.4.7"
      },
      "optionalDependencies": {
        "uglify-js": "^3.1.4"
      }
    },
    "node_modules/minimist": {
      "version": "1.2.8",
      "resolved": "https://registry.npmjs.org/minimist/-/minimist-1.2.8.tgz",
      "integrity": "sha512-2yyAR8qBkN3YuheJanUpWC5U3bb5osDywNB8RzDVlDwDHbocAJveqqj1u8+SVD7jkWT4yvsHCpWqqWqAxb0zCA==",
      "dev": true,
      "license": "MIT",
      "funding": {
        "url": "https://github.com/sponsors/ljharb"
      }
    },
    "node_modules/nanoid": {
      "version": "3.3.11",
      "resolved": "https://registry.npmjs.org/nanoid/-/nanoid-3.3.11.tgz",
      "integrity": "sha512-N8SpfPUnUp1bK+PMYW8qSWdl9U+wwNWI4QKxOYDy9JAro3WMX7p2OeVRF9v+347pnakNevPmiHhNmZ2HbFA76w==",
      "dev": true,
      "funding": [
        {
          "type": "github",
          "url": "https://github.com/sponsors/ai"
        }
      ],
      "license": "MIT",
      "peer": true,
      "bin": {
        "nanoid": "bin/nanoid.cjs"
      },
      "engines": {
        "node": "^10 || ^12 || ^13.7 || ^14 || >=15.0.1"
      }
    },
    "node_modules/neo-async": {
      "version": "2.6.2",
      "resolved": "https://registry.npmjs.org/neo-async/-/neo-async-2.6.2.tgz",
      "integrity": "sha512-Yd3UES5mWCSqR+qNT93S3UoYUkqAZ9lLg8a7g9rimsWmYGK8cVToA4/sF3RrshdyV3sAGMXVUmpMYOw+dLpOuw==",
      "dev": true,
      "license": "MIT"
    },
    "node_modules/picocolors": {
      "version": "1.1.1",
      "resolved": "https://registry.npmjs.org/picocolors/-/picocolors-1.1.1.tgz",
      "integrity": "sha512-xceH2snhtb5M9liqDsmEw56le376mTZkEX/jEb/RxNFyegNul7eNslCXP9FDj/Lcu0X8KEyMceP2ntpaHrDEVA==",
      "dev": true,
      "license": "ISC",
      "peer": true
    },
    "node_modules/postcss": {
      "version": "8.5.6",
      "resolved": "https://registry.npmjs.org/postcss/-/postcss-8.5.6.tgz",
      "integrity": "sha512-3Ybi1tAuwAP9s0r1UQ2J4n5Y0G05bJkpUIO0/bI9MhwmD70S5aTWbXGBwxHrelT+XM1k6dM0pk+SwNkpTRN7Pg==",
      "dev": true,
      "funding": [
        {
          "type": "opencollective",
          "url": "https://opencollective.com/postcss/"
        },
        {
          "type": "tidelift",
          "url": "https://tidelift.com/funding/github/npm/postcss"
        },
        {
          "type": "github",
          "url": "https://github.com/sponsors/ai"
        }
      ],
      "license": "MIT",
      "peer": true,
      "dependencies": {
        "nanoid": "^3.3.11",
        "picocolors": "^1.1.1",
        "source-map-js": "^1.2.1"
      },
      "engines": {
        "node": "^10 || ^12 || >=14"
      }
    },
    "node_modules/postcss-less": {
      "version": "6.0.0",
      "resolved": "https://registry.npmjs.org/postcss-less/-/postcss-less-6.0.0.tgz",
      "integrity": "sha512-FPX16mQLyEjLzEuuJtxA8X3ejDLNGGEG503d2YGZR5Ask1SpDN8KmZUMpzCvyalWRywAn1n1VOA5dcqfCLo5rg==",
      "dev": true,
      "license": "MIT",
      "engines": {
        "node": ">=12"
      },
      "peerDependencies": {
        "postcss": "^8.3.5"
      }
    },
    "node_modules/postcss-scss": {
      "version": "4.0.9",
      "resolved": "https://registry.npmjs.org/postcss-scss/-/postcss-scss-4.0.9.tgz",
      "integrity": "sha512-AjKOeiwAitL/MXxQW2DliT28EKukvvbEWx3LBmJIRN8KfBGZbRTxNYW0kSqi1COiTZ57nZ9NW06S6ux//N1c9A==",
      "dev": true,
      "funding": [
        {
          "type": "opencollective",
          "url": "https://opencollective.com/postcss/"
        },
        {
          "type": "tidelift",
          "url": "https://tidelift.com/funding/github/npm/postcss-scss"
        },
        {
          "type": "github",
          "url": "https://github.com/sponsors/ai"
        }
      ],
      "license": "MIT",
      "engines": {
        "node": ">=12.0"
      },
      "peerDependencies": {
        "postcss": "^8.4.29"
      }
    },
    "node_modules/prettier": {
      "version": "3.6.2",
      "resolved": "https://registry.npmjs.org/prettier/-/prettier-3.6.2.tgz",
      "integrity": "sha512-I7AIg5boAr5R0FFtJ6rCfD+LFsWHp81dolrFD8S79U9tb8Az2nGrJncnMSnys+bpQJfRUzqs9hnA81OAA3hCuQ==",
      "dev": true,
      "license": "MIT",
      "bin": {
        "prettier": "bin/prettier.cjs"
      },
      "engines": {
        "node": ">=14"
      },
      "funding": {
        "url": "https://github.com/prettier/prettier?sponsor=1"
      }
    },
    "node_modules/prettier-plugin-css-order": {
      "version": "2.1.2",
      "resolved": "https://registry.npmjs.org/prettier-plugin-css-order/-/prettier-plugin-css-order-2.1.2.tgz",
      "integrity": "sha512-vomxPjHI6pOMYcBuouSJHxxQClJXaUpU9rsV9IAO2wrSTZILRRlrxAAR8t9UF6wtczLkLfNRFUwM+ZbGXOONUA==",
      "dev": true,
      "license": "ISC",
      "dependencies": {
        "css-declaration-sorter": "^7.1.1",
        "postcss-less": "^6.0.0",
        "postcss-scss": "^4.0.9"
      },
      "engines": {
        "node": ">=16"
      },
      "peerDependencies": {
        "prettier": "3.x"
      }
    },
    "node_modules/prettier-plugin-hbs": {
      "version": "1.0.1",
      "resolved": "https://registry.npmjs.org/prettier-plugin-hbs/-/prettier-plugin-hbs-1.0.1.tgz",
      "integrity": "sha512-gwMCGg4zdeJX2I6LevMZXE5wUxBaL9CsGQDTJVkjLdRnlyM6GQW+07sfP2VczNOVnqkcZJ0YXPb6ydaBykUJzg==",
      "dev": true,
      "license": "ISC",
      "dependencies": {
        "@glimmer/syntax": "^0.47.9"
      }
    },
    "node_modules/simple-html-tokenizer": {
      "version": "0.5.11",
      "resolved": "https://registry.npmjs.org/simple-html-tokenizer/-/simple-html-tokenizer-0.5.11.tgz",
      "integrity": "sha512-C2WEK/Z3HoSFbYq8tI7ni3eOo/NneSPRoPpcM7WdLjFOArFuyXEjAoCdOC3DgMfRyziZQ1hCNR4mrNdWEvD0og==",
      "dev": true,
      "license": "MIT"
    },
    "node_modules/source-map": {
      "version": "0.6.1",
      "resolved": "https://registry.npmjs.org/source-map/-/source-map-0.6.1.tgz",
      "integrity": "sha512-UjgapumWlbMhkBgzT7Ykc5YXUT46F0iKu8SGXq0bcwP5dz/h0Plj6enJqjz1Zbq2l5WaqYnrVbwWOWMyF3F47g==",
      "dev": true,
      "license": "BSD-3-Clause",
      "engines": {
        "node": ">=0.10.0"
      }
    },
    "node_modules/source-map-js": {
      "version": "1.2.1",
      "resolved": "https://registry.npmjs.org/source-map-js/-/source-map-js-1.2.1.tgz",
      "integrity": "sha512-UXWMKhLOwVKb728IUtQPXxfYU+usdybtUrK/8uGE8CQMvrhOpwvzDBwj0QhSL7MQc7vIsISBG8VQ8+IDQxpfQA==",
      "dev": true,
      "license": "BSD-3-Clause",
      "peer": true,
      "engines": {
        "node": ">=0.10.0"
      }
    },
    "node_modules/uglify-js": {
      "version": "3.19.3",
      "resolved": "https://registry.npmjs.org/uglify-js/-/uglify-js-3.19.3.tgz",
      "integrity": "sha512-v3Xu+yuwBXisp6QYTcH4UbH+xYJXqnq2m/LtQVWKWzYc1iehYnLixoQDN9FH6/j9/oybfd6W9Ghwkl8+UMKTKQ==",
      "dev": true,
      "license": "BSD-2-Clause",
      "optional": true,
      "bin": {
        "uglifyjs": "bin/uglifyjs"
      },
      "engines": {
        "node": ">=0.8.0"
      }
    },
    "node_modules/wordwrap": {
      "version": "1.0.0",
      "resolved": "https://registry.npmjs.org/wordwrap/-/wordwrap-1.0.0.tgz",
      "integrity": "sha512-gvVzJFlPycKc5dZN4yPkP8w7Dc37BtP1yczEneOb4uq34pXZcvrtRTmWV8W+Ume+XCxKgbjM+nevkyFPMybd4Q==",
      "dev": true,
      "license": "MIT"
    }
  }
}
